// !$*UTF8*$!
{
	archiveVersion = 1;
	classes = {
	};
	objectVersion = 46;
	objects = {

/* Begin PBXBuildFile section */
		5D9235F821BBCA0200D86DB9 /* SDAVAssetExportSession.m in Sources */ = {isa = PBXBuildFile; fileRef = 5D9235F721BBCA0200D86DB9 /* SDAVAssetExportSession.m */; };
		B3E7B58A1CC2AC0600A0062D /* RNVideoHelper.m in Sources */ = {isa = PBXBuildFile; fileRef = B3E7B5891CC2AC0600A0062D /* RNVideoHelper.m */; };
/* End PBXBuildFile section */

/* Begin PBXContainerItemProxy section */
		C0924C5D233BEC5C00E9B823 /* PBXContainerItemProxy */ = {
			isa = PBXContainerItemProxy;
			containerPortal = C0924C4A233BEC5C00E9B823 /* React.xcodeproj */;
			proxyType = 2;
			remoteGlobalIDString = 83CBBA2E1A601D0E00E9B192;
			remoteInfo = React;
		};
		C0924C5F233BEC5C00E9B823 /* PBXContainerItemProxy */ = {
			isa = PBXContainerItemProxy;
			containerPortal = C0924C4A233BEC5C00E9B823 /* React.xcodeproj */;
			proxyType = 2;
			remoteGlobalIDString = 2D2A28131D9B038B00D4039D;
			remoteInfo = "React-tvOS";
		};
		C0924C61233BEC5C00E9B823 /* PBXContainerItemProxy */ = {
			isa = PBXContainerItemProxy;
			containerPortal = C0924C4A233BEC5C00E9B823 /* React.xcodeproj */;
			proxyType = 2;
			remoteGlobalIDString = 3D3C059A1DE3340900C268FA;
			remoteInfo = yoga;
		};
		C0924C63233BEC5C00E9B823 /* PBXContainerItemProxy */ = {
			isa = PBXContainerItemProxy;
			containerPortal = C0924C4A233BEC5C00E9B823 /* React.xcodeproj */;
			proxyType = 2;
			remoteGlobalIDString = 3D3C06751DE3340C00C268FA;
			remoteInfo = "yoga-tvOS";
		};
		C0924C65233BEC5C00E9B823 /* PBXContainerItemProxy */ = {
			isa = PBXContainerItemProxy;
			containerPortal = C0924C4A233BEC5C00E9B823 /* React.xcodeproj */;
			proxyType = 2;
			remoteGlobalIDString = 3D3CD9251DE5FBEC00167DC4;
			remoteInfo = cxxreact;
		};
		C0924C67233BEC5C00E9B823 /* PBXContainerItemProxy */ = {
			isa = PBXContainerItemProxy;
			containerPortal = C0924C4A233BEC5C00E9B823 /* React.xcodeproj */;
			proxyType = 2;
			remoteGlobalIDString = 3D3CD9321DE5FBEE00167DC4;
			remoteInfo = "cxxreact-tvOS";
		};
		C0924C69233BEC5C00E9B823 /* PBXContainerItemProxy */ = {
			isa = PBXContainerItemProxy;
			containerPortal = C0924C4A233BEC5C00E9B823 /* React.xcodeproj */;
			proxyType = 2;
			remoteGlobalIDString = EBF21BDC1FC498900052F4D5;
			remoteInfo = jsinspector;
		};
		C0924C6B233BEC5C00E9B823 /* PBXContainerItemProxy */ = {
			isa = PBXContainerItemProxy;
			containerPortal = C0924C4A233BEC5C00E9B823 /* React.xcodeproj */;
			proxyType = 2;
			remoteGlobalIDString = EBF21BFA1FC4989A0052F4D5;
			remoteInfo = "jsinspector-tvOS";
		};
		C0924C6D233BEC5C00E9B823 /* PBXContainerItemProxy */ = {
			isa = PBXContainerItemProxy;
			containerPortal = C0924C4A233BEC5C00E9B823 /* React.xcodeproj */;
			proxyType = 2;
			remoteGlobalIDString = 139D7ECE1E25DB7D00323FB7;
			remoteInfo = "third-party";
		};
		C0924C6F233BEC5C00E9B823 /* PBXContainerItemProxy */ = {
			isa = PBXContainerItemProxy;
			containerPortal = C0924C4A233BEC5C00E9B823 /* React.xcodeproj */;
			proxyType = 2;
			remoteGlobalIDString = 3D383D3C1EBD27B6005632C8;
			remoteInfo = "third-party-tvOS";
		};
		C0924C71233BEC5C00E9B823 /* PBXContainerItemProxy */ = {
			isa = PBXContainerItemProxy;
			containerPortal = C0924C4A233BEC5C00E9B823 /* React.xcodeproj */;
			proxyType = 2;
			remoteGlobalIDString = 139D7E881E25C6D100323FB7;
			remoteInfo = "double-conversion";
		};
		C0924C73233BEC5C00E9B823 /* PBXContainerItemProxy */ = {
			isa = PBXContainerItemProxy;
			containerPortal = C0924C4A233BEC5C00E9B823 /* React.xcodeproj */;
			proxyType = 2;
			remoteGlobalIDString = 3D383D621EBD27B9005632C8;
			remoteInfo = "double-conversion-tvOS";
		};
		C0924C75233BEC5C00E9B823 /* PBXContainerItemProxy */ = {
			isa = PBXContainerItemProxy;
			containerPortal = C0924C4A233BEC5C00E9B823 /* React.xcodeproj */;
			proxyType = 2;
			remoteGlobalIDString = EDEBC6D6214B3E7000DD5AC8;
			remoteInfo = jsi;
		};
		C0924C77233BEC5C00E9B823 /* PBXContainerItemProxy */ = {
			isa = PBXContainerItemProxy;
			containerPortal = C0924C4A233BEC5C00E9B823 /* React.xcodeproj */;
			proxyType = 2;
			remoteGlobalIDString = EDEBC73B214B45A300DD5AC8;
			remoteInfo = jsiexecutor;
		};
		C0924C79233BEC5C00E9B823 /* PBXContainerItemProxy */ = {
			isa = PBXContainerItemProxy;
			containerPortal = C0924C4A233BEC5C00E9B823 /* React.xcodeproj */;
			proxyType = 2;
			remoteGlobalIDString = ED296FB6214C9A0900B7C4FE;
			remoteInfo = "jsi-tvOS";
		};
		C0924C7B233BEC5C00E9B823 /* PBXContainerItemProxy */ = {
			isa = PBXContainerItemProxy;
			containerPortal = C0924C4A233BEC5C00E9B823 /* React.xcodeproj */;
			proxyType = 2;
			remoteGlobalIDString = ED296FEE214C9CF800B7C4FE;
			remoteInfo = "jsiexecutor-tvOS";
		};
		C0924C7D233BEC7B00E9B823 /* PBXContainerItemProxy */ = {
			isa = PBXContainerItemProxy;
			containerPortal = C0924C4A233BEC5C00E9B823 /* React.xcodeproj */;
			proxyType = 1;
			remoteGlobalIDString = 83CBBA2D1A601D0E00E9B192;
			remoteInfo = React;
		};
		C0924C7F233BEC9500E9B823 /* PBXContainerItemProxy */ = {
			isa = PBXContainerItemProxy;
			containerPortal = C0924C4A233BEC5C00E9B823 /* React.xcodeproj */;
			proxyType = 1;
			remoteGlobalIDString = 3D3C04B91DE3340900C268FA;
			remoteInfo = yoga;
		};
		C0924C81233BEC9500E9B823 /* PBXContainerItemProxy */ = {
			isa = PBXContainerItemProxy;
			containerPortal = C0924C4A233BEC5C00E9B823 /* React.xcodeproj */;
			proxyType = 1;
			remoteGlobalIDString = 3D3C059B1DE3340C00C268FA;
			remoteInfo = "yoga-tvOS";
		};
		C0924C83233BEC9500E9B823 /* PBXContainerItemProxy */ = {
			isa = PBXContainerItemProxy;
			containerPortal = C0924C4A233BEC5C00E9B823 /* React.xcodeproj */;
			proxyType = 1;
			remoteGlobalIDString = 3D3CD9191DE5FBEC00167DC4;
			remoteInfo = cxxreact;
		};
		C0924C85233BEC9500E9B823 /* PBXContainerItemProxy */ = {
			isa = PBXContainerItemProxy;
			containerPortal = C0924C4A233BEC5C00E9B823 /* React.xcodeproj */;
			proxyType = 1;
			remoteGlobalIDString = 3D3CD9261DE5FBEE00167DC4;
			remoteInfo = "cxxreact-tvOS";
		};
		C0924C87233BEC9500E9B823 /* PBXContainerItemProxy */ = {
			isa = PBXContainerItemProxy;
			containerPortal = C0924C4A233BEC5C00E9B823 /* React.xcodeproj */;
			proxyType = 1;
			remoteGlobalIDString = EBF21BBF1FC498900052F4D5;
			remoteInfo = jsinspector;
		};
		C0924C89233BEC9500E9B823 /* PBXContainerItemProxy */ = {
			isa = PBXContainerItemProxy;
			containerPortal = C0924C4A233BEC5C00E9B823 /* React.xcodeproj */;
			proxyType = 1;
			remoteGlobalIDString = EBF21BDD1FC4989A0052F4D5;
			remoteInfo = "jsinspector-tvOS";
		};
		C0924C8B233BEC9500E9B823 /* PBXContainerItemProxy */ = {
			isa = PBXContainerItemProxy;
			containerPortal = C0924C4A233BEC5C00E9B823 /* React.xcodeproj */;
			proxyType = 1;
			remoteGlobalIDString = 139D7ECD1E25DB7D00323FB7;
			remoteInfo = "third-party";
		};
		C0924C8D233BEC9500E9B823 /* PBXContainerItemProxy */ = {
			isa = PBXContainerItemProxy;
			containerPortal = C0924C4A233BEC5C00E9B823 /* React.xcodeproj */;
			proxyType = 1;
			remoteGlobalIDString = 3D383D211EBD27B6005632C8;
			remoteInfo = "third-party-tvOS";
		};
		C0924C8F233BEC9500E9B823 /* PBXContainerItemProxy */ = {
			isa = PBXContainerItemProxy;
			containerPortal = C0924C4A233BEC5C00E9B823 /* React.xcodeproj */;
			proxyType = 1;
			remoteGlobalIDString = 139D7E871E25C6D100323FB7;
			remoteInfo = "double-conversion";
		};
		C0924C91233BEC9500E9B823 /* PBXContainerItemProxy */ = {
			isa = PBXContainerItemProxy;
			containerPortal = C0924C4A233BEC5C00E9B823 /* React.xcodeproj */;
			proxyType = 1;
			remoteGlobalIDString = 3D383D3D1EBD27B9005632C8;
			remoteInfo = "double-conversion-tvOS";
		};
		C0924C93233BEC9500E9B823 /* PBXContainerItemProxy */ = {
			isa = PBXContainerItemProxy;
			containerPortal = C0924C4A233BEC5C00E9B823 /* React.xcodeproj */;
			proxyType = 1;
			remoteGlobalIDString = EDEBC6BA214B3E7000DD5AC8;
			remoteInfo = jsi;
		};
		C0924C95233BEC9500E9B823 /* PBXContainerItemProxy */ = {
			isa = PBXContainerItemProxy;
			containerPortal = C0924C4A233BEC5C00E9B823 /* React.xcodeproj */;
			proxyType = 1;
			remoteGlobalIDString = EDEBC724214B45A300DD5AC8;
			remoteInfo = jsiexecutor;
		};
		C0924C97233BEC9500E9B823 /* PBXContainerItemProxy */ = {
			isa = PBXContainerItemProxy;
			containerPortal = C0924C4A233BEC5C00E9B823 /* React.xcodeproj */;
			proxyType = 1;
			remoteGlobalIDString = ED296F98214C9A0900B7C4FE;
			remoteInfo = "jsi-tvOS";
		};
		C0924C99233BEC9500E9B823 /* PBXContainerItemProxy */ = {
			isa = PBXContainerItemProxy;
			containerPortal = C0924C4A233BEC5C00E9B823 /* React.xcodeproj */;
			proxyType = 1;
			remoteGlobalIDString = ED296FD0214C9CF800B7C4FE;
			remoteInfo = "jsiexecutor-tvOS";
		};
		F39DA073232A839000AF2BD9 /* PBXContainerItemProxy */ = {
			isa = PBXContainerItemProxy;
			containerPortal = F39DA060232A839000AF2BD9 /* React.xcodeproj */;
			proxyType = 2;
			remoteGlobalIDString = 83CBBA2E1A601D0E00E9B192;
			remoteInfo = React;
		};
		F39DA075232A839000AF2BD9 /* PBXContainerItemProxy */ = {
			isa = PBXContainerItemProxy;
			containerPortal = F39DA060232A839000AF2BD9 /* React.xcodeproj */;
			proxyType = 2;
			remoteGlobalIDString = 2D2A28131D9B038B00D4039D;
			remoteInfo = "React-tvOS";
		};
		F39DA077232A839000AF2BD9 /* PBXContainerItemProxy */ = {
			isa = PBXContainerItemProxy;
			containerPortal = F39DA060232A839000AF2BD9 /* React.xcodeproj */;
			proxyType = 2;
			remoteGlobalIDString = 3D3C059A1DE3340900C268FA;
			remoteInfo = yoga;
		};
		F39DA079232A839000AF2BD9 /* PBXContainerItemProxy */ = {
			isa = PBXContainerItemProxy;
			containerPortal = F39DA060232A839000AF2BD9 /* React.xcodeproj */;
			proxyType = 2;
			remoteGlobalIDString = 3D3C06751DE3340C00C268FA;
			remoteInfo = "yoga-tvOS";
		};
		F39DA07B232A839000AF2BD9 /* PBXContainerItemProxy */ = {
			isa = PBXContainerItemProxy;
			containerPortal = F39DA060232A839000AF2BD9 /* React.xcodeproj */;
			proxyType = 2;
			remoteGlobalIDString = 3D3CD9251DE5FBEC00167DC4;
			remoteInfo = cxxreact;
		};
		F39DA07D232A839000AF2BD9 /* PBXContainerItemProxy */ = {
			isa = PBXContainerItemProxy;
			containerPortal = F39DA060232A839000AF2BD9 /* React.xcodeproj */;
			proxyType = 2;
			remoteGlobalIDString = 3D3CD9321DE5FBEE00167DC4;
			remoteInfo = "cxxreact-tvOS";
		};
		F39DA07F232A839000AF2BD9 /* PBXContainerItemProxy */ = {
			isa = PBXContainerItemProxy;
			containerPortal = F39DA060232A839000AF2BD9 /* React.xcodeproj */;
			proxyType = 2;
			remoteGlobalIDString = EBF21BDC1FC498900052F4D5;
			remoteInfo = jsinspector;
		};
		F39DA081232A839000AF2BD9 /* PBXContainerItemProxy */ = {
			isa = PBXContainerItemProxy;
			containerPortal = F39DA060232A839000AF2BD9 /* React.xcodeproj */;
			proxyType = 2;
			remoteGlobalIDString = EBF21BFA1FC4989A0052F4D5;
			remoteInfo = "jsinspector-tvOS";
		};
		F39DA083232A839000AF2BD9 /* PBXContainerItemProxy */ = {
			isa = PBXContainerItemProxy;
			containerPortal = F39DA060232A839000AF2BD9 /* React.xcodeproj */;
			proxyType = 2;
			remoteGlobalIDString = 139D7ECE1E25DB7D00323FB7;
			remoteInfo = "third-party";
		};
		F39DA085232A839000AF2BD9 /* PBXContainerItemProxy */ = {
			isa = PBXContainerItemProxy;
			containerPortal = F39DA060232A839000AF2BD9 /* React.xcodeproj */;
			proxyType = 2;
			remoteGlobalIDString = 3D383D3C1EBD27B6005632C8;
			remoteInfo = "third-party-tvOS";
		};
		F39DA087232A839000AF2BD9 /* PBXContainerItemProxy */ = {
			isa = PBXContainerItemProxy;
			containerPortal = F39DA060232A839000AF2BD9 /* React.xcodeproj */;
			proxyType = 2;
			remoteGlobalIDString = 139D7E881E25C6D100323FB7;
			remoteInfo = "double-conversion";
		};
		F39DA089232A839000AF2BD9 /* PBXContainerItemProxy */ = {
			isa = PBXContainerItemProxy;
			containerPortal = F39DA060232A839000AF2BD9 /* React.xcodeproj */;
			proxyType = 2;
			remoteGlobalIDString = 3D383D621EBD27B9005632C8;
			remoteInfo = "double-conversion-tvOS";
		};
		F39DA08B232A839000AF2BD9 /* PBXContainerItemProxy */ = {
			isa = PBXContainerItemProxy;
			containerPortal = F39DA060232A839000AF2BD9 /* React.xcodeproj */;
			proxyType = 2;
			remoteGlobalIDString = EDEBC6D6214B3E7000DD5AC8;
			remoteInfo = jsi;
		};
		F39DA08D232A839000AF2BD9 /* PBXContainerItemProxy */ = {
			isa = PBXContainerItemProxy;
			containerPortal = F39DA060232A839000AF2BD9 /* React.xcodeproj */;
			proxyType = 2;
			remoteGlobalIDString = EDEBC73B214B45A300DD5AC8;
			remoteInfo = jsiexecutor;
		};
		F39DA08F232A839000AF2BD9 /* PBXContainerItemProxy */ = {
			isa = PBXContainerItemProxy;
			containerPortal = F39DA060232A839000AF2BD9 /* React.xcodeproj */;
			proxyType = 2;
			remoteGlobalIDString = ED296FB6214C9A0900B7C4FE;
			remoteInfo = "jsi-tvOS";
		};
		F39DA091232A839000AF2BD9 /* PBXContainerItemProxy */ = {
			isa = PBXContainerItemProxy;
			containerPortal = F39DA060232A839000AF2BD9 /* React.xcodeproj */;
			proxyType = 2;
			remoteGlobalIDString = ED296FEE214C9CF800B7C4FE;
			remoteInfo = "jsiexecutor-tvOS";
		};
/* End PBXContainerItemProxy section */

/* Begin PBXCopyFilesBuildPhase section */
		58B511D91A9E6C8500147676 /* CopyFiles */ = {
			isa = PBXCopyFilesBuildPhase;
			buildActionMask = 2147483647;
			dstPath = "include/$(PRODUCT_NAME)";
			dstSubfolderSpec = 16;
			files = (
			);
			runOnlyForDeploymentPostprocessing = 0;
		};
/* End PBXCopyFilesBuildPhase section */

/* Begin PBXFileReference section */
		134814201AA4EA6300B7C361 /* libRNVideoHelper.a */ = {isa = PBXFileReference; explicitFileType = archive.ar; includeInIndex = 0; path = libRNVideoHelper.a; sourceTree = BUILT_PRODUCTS_DIR; };
		5D9235F621BBC9FC00D86DB9 /* SDAVAssetExportSession.h */ = {isa = PBXFileReference; fileEncoding = 4; lastKnownFileType = sourcecode.c.h; path = SDAVAssetExportSession.h; sourceTree = "<group>"; };
		5D9235F721BBCA0200D86DB9 /* SDAVAssetExportSession.m */ = {isa = PBXFileReference; fileEncoding = 4; lastKnownFileType = sourcecode.c.objc; path = SDAVAssetExportSession.m; sourceTree = "<group>"; };
		B3E7B5881CC2AC0600A0062D /* RNVideoHelper.h */ = {isa = PBXFileReference; fileEncoding = 4; lastKnownFileType = sourcecode.c.h; path = RNVideoHelper.h; sourceTree = "<group>"; };
		B3E7B5891CC2AC0600A0062D /* RNVideoHelper.m */ = {isa = PBXFileReference; fileEncoding = 4; lastKnownFileType = sourcecode.c.objc; path = RNVideoHelper.m; sourceTree = "<group>"; };
		C0924C38233BEC3F00E9B823 /* CoreFoundation.framework */ = {isa = PBXFileReference; lastKnownFileType = wrapper.framework; name = CoreFoundation.framework; path = System/Library/Frameworks/CoreFoundation.framework; sourceTree = SDKROOT; };
		C0924C4A233BEC5C00E9B823 /* React.xcodeproj */ = {isa = PBXFileReference; lastKnownFileType = "wrapper.pb-project"; name = React.xcodeproj; path = "../node_modules/react-native/React/React.xcodeproj"; sourceTree = "<group>"; };
		F39DA060232A839000AF2BD9 /* React.xcodeproj */ = {isa = PBXFileReference; lastKnownFileType = "wrapper.pb-project"; name = React.xcodeproj; path = "../../node_modules/react-native/React/React.xcodeproj"; sourceTree = "<group>"; };
/* End PBXFileReference section */

/* Begin PBXFrameworksBuildPhase section */
		58B511D81A9E6C8500147676 /* Frameworks */ = {
			isa = PBXFrameworksBuildPhase;
			buildActionMask = 2147483647;
			files = (
			);
			runOnlyForDeploymentPostprocessing = 0;
		};
/* End PBXFrameworksBuildPhase section */

/* Begin PBXGroup section */
		134814211AA4EA7D00B7C361 /* Products */ = {
			isa = PBXGroup;
			children = (
				134814201AA4EA6300B7C361 /* libRNVideoHelper.a */,
			);
			name = Products;
			sourceTree = "<group>";
		};
		58B511D21A9E6C8500147676 = {
			isa = PBXGroup;
			children = (
				F3545A4E23267B2600096DDE /* Libraries */,
				5D9235F721BBCA0200D86DB9 /* SDAVAssetExportSession.m */,
				5D9235F621BBC9FC00D86DB9 /* SDAVAssetExportSession.h */,
				B3E7B5881CC2AC0600A0062D /* RNVideoHelper.h */,
				B3E7B5891CC2AC0600A0062D /* RNVideoHelper.m */,
				134814211AA4EA7D00B7C361 /* Products */,
				F32E76B823216DB100BF84E5 /* Frameworks */,
			);
			sourceTree = "<group>";
		};
		C0924C4B233BEC5C00E9B823 /* Products */ = {
			isa = PBXGroup;
			children = (
				C0924C5E233BEC5C00E9B823 /* libReact.a */,
				C0924C60233BEC5C00E9B823 /* libReact.a */,
				C0924C62233BEC5C00E9B823 /* libyoga.a */,
				C0924C64233BEC5C00E9B823 /* libyoga.a */,
				C0924C66233BEC5C00E9B823 /* libcxxreact.a */,
				C0924C68233BEC5C00E9B823 /* libcxxreact.a */,
				C0924C6A233BEC5C00E9B823 /* libjsinspector.a */,
				C0924C6C233BEC5C00E9B823 /* libjsinspector-tvOS.a */,
				C0924C6E233BEC5C00E9B823 /* libthird-party.a */,
				C0924C70233BEC5C00E9B823 /* libthird-party.a */,
				C0924C72233BEC5C00E9B823 /* libdouble-conversion.a */,
				C0924C74233BEC5C00E9B823 /* libdouble-conversion.a */,
				C0924C76233BEC5C00E9B823 /* libjsi.a */,
				C0924C78233BEC5C00E9B823 /* libjsiexecutor.a */,
				C0924C7A233BEC5C00E9B823 /* libjsi-tvOS.a */,
				C0924C7C233BEC5C00E9B823 /* libjsiexecutor-tvOS.a */,
			);
			name = Products;
			sourceTree = "<group>";
		};
		F32E76B823216DB100BF84E5 /* Frameworks */ = {
			isa = PBXGroup;
			children = (
				C0924C4A233BEC5C00E9B823 /* React.xcodeproj */,
				C0924C38233BEC3F00E9B823 /* CoreFoundation.framework */,
			);
			name = Frameworks;
			sourceTree = "<group>";
		};
		F3545A4E23267B2600096DDE /* Libraries */ = {
			isa = PBXGroup;
			children = (
				F39DA060232A839000AF2BD9 /* React.xcodeproj */,
			);
			path = Libraries;
			sourceTree = "<group>";
		};
		F39DA061232A839000AF2BD9 /* Products */ = {
			isa = PBXGroup;
			children = (
				F39DA074232A839000AF2BD9 /* libReact.a */,
				F39DA076232A839000AF2BD9 /* libReact.a */,
				F39DA078232A839000AF2BD9 /* libyoga.a */,
				F39DA07A232A839000AF2BD9 /* libyoga.a */,
				F39DA07C232A839000AF2BD9 /* libcxxreact.a */,
				F39DA07E232A839000AF2BD9 /* libcxxreact.a */,
				F39DA080232A839000AF2BD9 /* libjsinspector.a */,
				F39DA082232A839000AF2BD9 /* libjsinspector-tvOS.a */,
				F39DA084232A839000AF2BD9 /* libthird-party.a */,
				F39DA086232A839000AF2BD9 /* libthird-party.a */,
				F39DA088232A839000AF2BD9 /* libdouble-conversion.a */,
				F39DA08A232A839000AF2BD9 /* libdouble-conversion.a */,
				F39DA08C232A839000AF2BD9 /* libjsi.a */,
				F39DA08E232A839000AF2BD9 /* libjsiexecutor.a */,
				F39DA090232A839000AF2BD9 /* libjsi-tvOS.a */,
				F39DA092232A839000AF2BD9 /* libjsiexecutor-tvOS.a */,
			);
			name = Products;
			sourceTree = "<group>";
		};
/* End PBXGroup section */

/* Begin PBXNativeTarget section */
		58B511DA1A9E6C8500147676 /* RNVideoHelper */ = {
			isa = PBXNativeTarget;
			buildConfigurationList = 58B511EF1A9E6C8500147676 /* Build configuration list for PBXNativeTarget "RNVideoHelper" */;
			buildPhases = (
				58B511D71A9E6C8500147676 /* Sources */,
				58B511D81A9E6C8500147676 /* Frameworks */,
				58B511D91A9E6C8500147676 /* CopyFiles */,
			);
			buildRules = (
			);
			dependencies = (
				C0924C80233BEC9500E9B823 /* PBXTargetDependency */,
				C0924C82233BEC9500E9B823 /* PBXTargetDependency */,
				C0924C84233BEC9500E9B823 /* PBXTargetDependency */,
				C0924C86233BEC9500E9B823 /* PBXTargetDependency */,
				C0924C88233BEC9500E9B823 /* PBXTargetDependency */,
				C0924C8A233BEC9500E9B823 /* PBXTargetDependency */,
				C0924C8C233BEC9500E9B823 /* PBXTargetDependency */,
				C0924C8E233BEC9500E9B823 /* PBXTargetDependency */,
				C0924C90233BEC9500E9B823 /* PBXTargetDependency */,
				C0924C92233BEC9500E9B823 /* PBXTargetDependency */,
				C0924C94233BEC9500E9B823 /* PBXTargetDependency */,
				C0924C96233BEC9500E9B823 /* PBXTargetDependency */,
				C0924C98233BEC9500E9B823 /* PBXTargetDependency */,
				C0924C9A233BEC9500E9B823 /* PBXTargetDependency */,
				C0924C7E233BEC7B00E9B823 /* PBXTargetDependency */,
			);
			name = RNVideoHelper;
			productName = RCTDataManager;
			productReference = 134814201AA4EA6300B7C361 /* libRNVideoHelper.a */;
			productType = "com.apple.product-type.library.static";
		};
/* End PBXNativeTarget section */

/* Begin PBXProject section */
		58B511D31A9E6C8500147676 /* Project object */ = {
			isa = PBXProject;
			attributes = {
				LastUpgradeCheck = 1020;
				ORGANIZATIONNAME = Facebook;
				TargetAttributes = {
					58B511DA1A9E6C8500147676 = {
						CreatedOnToolsVersion = 6.1.1;
						DevelopmentTeam = 8FSG74392W;
					};
				};
			};
			buildConfigurationList = 58B511D61A9E6C8500147676 /* Build configuration list for PBXProject "RNVideoHelper" */;
			compatibilityVersion = "Xcode 3.2";
			developmentRegion = English;
			hasScannedForEncodings = 0;
			knownRegions = (
				English,
				en,
			);
			mainGroup = 58B511D21A9E6C8500147676;
			productRefGroup = 58B511D21A9E6C8500147676;
			projectDirPath = "";
			projectReferences = (
				{
					ProductGroup = C0924C4B233BEC5C00E9B823 /* Products */;
					ProjectRef = C0924C4A233BEC5C00E9B823 /* React.xcodeproj */;
				},
				{
					ProductGroup = F39DA061232A839000AF2BD9 /* Products */;
					ProjectRef = F39DA060232A839000AF2BD9 /* React.xcodeproj */;
				},
			);
			projectRoot = "";
			targets = (
				58B511DA1A9E6C8500147676 /* RNVideoHelper */,
			);
		};
/* End PBXProject section */

/* Begin PBXReferenceProxy section */
		C0924C5E233BEC5C00E9B823 /* libReact.a */ = {
			isa = PBXReferenceProxy;
			fileType = archive.ar;
			path = libReact.a;
			remoteRef = C0924C5D233BEC5C00E9B823 /* PBXContainerItemProxy */;
			sourceTree = BUILT_PRODUCTS_DIR;
		};
		C0924C60233BEC5C00E9B823 /* libReact.a */ = {
			isa = PBXReferenceProxy;
			fileType = archive.ar;
			path = libReact.a;
			remoteRef = C0924C5F233BEC5C00E9B823 /* PBXContainerItemProxy */;
			sourceTree = BUILT_PRODUCTS_DIR;
		};
		C0924C62233BEC5C00E9B823 /* libyoga.a */ = {
			isa = PBXReferenceProxy;
			fileType = archive.ar;
			path = libyoga.a;
			remoteRef = C0924C61233BEC5C00E9B823 /* PBXContainerItemProxy */;
			sourceTree = BUILT_PRODUCTS_DIR;
		};
		C0924C64233BEC5C00E9B823 /* libyoga.a */ = {
			isa = PBXReferenceProxy;
			fileType = archive.ar;
			path = libyoga.a;
			remoteRef = C0924C63233BEC5C00E9B823 /* PBXContainerItemProxy */;
			sourceTree = BUILT_PRODUCTS_DIR;
		};
		C0924C66233BEC5C00E9B823 /* libcxxreact.a */ = {
			isa = PBXReferenceProxy;
			fileType = archive.ar;
			path = libcxxreact.a;
			remoteRef = C0924C65233BEC5C00E9B823 /* PBXContainerItemProxy */;
			sourceTree = BUILT_PRODUCTS_DIR;
		};
		C0924C68233BEC5C00E9B823 /* libcxxreact.a */ = {
			isa = PBXReferenceProxy;
			fileType = archive.ar;
			path = libcxxreact.a;
			remoteRef = C0924C67233BEC5C00E9B823 /* PBXContainerItemProxy */;
			sourceTree = BUILT_PRODUCTS_DIR;
		};
		C0924C6A233BEC5C00E9B823 /* libjsinspector.a */ = {
			isa = PBXReferenceProxy;
			fileType = archive.ar;
			path = libjsinspector.a;
			remoteRef = C0924C69233BEC5C00E9B823 /* PBXContainerItemProxy */;
			sourceTree = BUILT_PRODUCTS_DIR;
		};
		C0924C6C233BEC5C00E9B823 /* libjsinspector-tvOS.a */ = {
			isa = PBXReferenceProxy;
			fileType = archive.ar;
			path = "libjsinspector-tvOS.a";
			remoteRef = C0924C6B233BEC5C00E9B823 /* PBXContainerItemProxy */;
			sourceTree = BUILT_PRODUCTS_DIR;
		};
		C0924C6E233BEC5C00E9B823 /* libthird-party.a */ = {
			isa = PBXReferenceProxy;
			fileType = archive.ar;
			path = "libthird-party.a";
			remoteRef = C0924C6D233BEC5C00E9B823 /* PBXContainerItemProxy */;
			sourceTree = BUILT_PRODUCTS_DIR;
		};
		C0924C70233BEC5C00E9B823 /* libthird-party.a */ = {
			isa = PBXReferenceProxy;
			fileType = archive.ar;
			path = "libthird-party.a";
			remoteRef = C0924C6F233BEC5C00E9B823 /* PBXContainerItemProxy */;
			sourceTree = BUILT_PRODUCTS_DIR;
		};
		C0924C72233BEC5C00E9B823 /* libdouble-conversion.a */ = {
			isa = PBXReferenceProxy;
			fileType = archive.ar;
			path = "libdouble-conversion.a";
			remoteRef = C0924C71233BEC5C00E9B823 /* PBXContainerItemProxy */;
			sourceTree = BUILT_PRODUCTS_DIR;
		};
		C0924C74233BEC5C00E9B823 /* libdouble-conversion.a */ = {
			isa = PBXReferenceProxy;
			fileType = archive.ar;
			path = "libdouble-conversion.a";
			remoteRef = C0924C73233BEC5C00E9B823 /* PBXContainerItemProxy */;
			sourceTree = BUILT_PRODUCTS_DIR;
		};
		C0924C76233BEC5C00E9B823 /* libjsi.a */ = {
			isa = PBXReferenceProxy;
			fileType = archive.ar;
			path = libjsi.a;
			remoteRef = C0924C75233BEC5C00E9B823 /* PBXContainerItemProxy */;
			sourceTree = BUILT_PRODUCTS_DIR;
		};
		C0924C78233BEC5C00E9B823 /* libjsiexecutor.a */ = {
			isa = PBXReferenceProxy;
			fileType = archive.ar;
			path = libjsiexecutor.a;
			remoteRef = C0924C77233BEC5C00E9B823 /* PBXContainerItemProxy */;
			sourceTree = BUILT_PRODUCTS_DIR;
		};
		C0924C7A233BEC5C00E9B823 /* libjsi-tvOS.a */ = {
			isa = PBXReferenceProxy;
			fileType = archive.ar;
			path = "libjsi-tvOS.a";
			remoteRef = C0924C79233BEC5C00E9B823 /* PBXContainerItemProxy */;
			sourceTree = BUILT_PRODUCTS_DIR;
		};
		C0924C7C233BEC5C00E9B823 /* libjsiexecutor-tvOS.a */ = {
			isa = PBXReferenceProxy;
			fileType = archive.ar;
			path = "libjsiexecutor-tvOS.a";
			remoteRef = C0924C7B233BEC5C00E9B823 /* PBXContainerItemProxy */;
			sourceTree = BUILT_PRODUCTS_DIR;
		};
		F39DA074232A839000AF2BD9 /* libReact.a */ = {
			isa = PBXReferenceProxy;
			fileType = archive.ar;
			path = libReact.a;
			remoteRef = F39DA073232A839000AF2BD9 /* PBXContainerItemProxy */;
			sourceTree = BUILT_PRODUCTS_DIR;
		};
		F39DA076232A839000AF2BD9 /* libReact.a */ = {
			isa = PBXReferenceProxy;
			fileType = archive.ar;
			path = libReact.a;
			remoteRef = F39DA075232A839000AF2BD9 /* PBXContainerItemProxy */;
			sourceTree = BUILT_PRODUCTS_DIR;
		};
		F39DA078232A839000AF2BD9 /* libyoga.a */ = {
			isa = PBXReferenceProxy;
			fileType = archive.ar;
			path = libyoga.a;
			remoteRef = F39DA077232A839000AF2BD9 /* PBXContainerItemProxy */;
			sourceTree = BUILT_PRODUCTS_DIR;
		};
		F39DA07A232A839000AF2BD9 /* libyoga.a */ = {
			isa = PBXReferenceProxy;
			fileType = archive.ar;
			path = libyoga.a;
			remoteRef = F39DA079232A839000AF2BD9 /* PBXContainerItemProxy */;
			sourceTree = BUILT_PRODUCTS_DIR;
		};
		F39DA07C232A839000AF2BD9 /* libcxxreact.a */ = {
			isa = PBXReferenceProxy;
			fileType = archive.ar;
			path = libcxxreact.a;
			remoteRef = F39DA07B232A839000AF2BD9 /* PBXContainerItemProxy */;
			sourceTree = BUILT_PRODUCTS_DIR;
		};
		F39DA07E232A839000AF2BD9 /* libcxxreact.a */ = {
			isa = PBXReferenceProxy;
			fileType = archive.ar;
			path = libcxxreact.a;
			remoteRef = F39DA07D232A839000AF2BD9 /* PBXContainerItemProxy */;
			sourceTree = BUILT_PRODUCTS_DIR;
		};
		F39DA080232A839000AF2BD9 /* libjsinspector.a */ = {
			isa = PBXReferenceProxy;
			fileType = archive.ar;
			path = libjsinspector.a;
			remoteRef = F39DA07F232A839000AF2BD9 /* PBXContainerItemProxy */;
			sourceTree = BUILT_PRODUCTS_DIR;
		};
		F39DA082232A839000AF2BD9 /* libjsinspector-tvOS.a */ = {
			isa = PBXReferenceProxy;
			fileType = archive.ar;
			path = "libjsinspector-tvOS.a";
			remoteRef = F39DA081232A839000AF2BD9 /* PBXContainerItemProxy */;
			sourceTree = BUILT_PRODUCTS_DIR;
		};
		F39DA084232A839000AF2BD9 /* libthird-party.a */ = {
			isa = PBXReferenceProxy;
			fileType = archive.ar;
			path = "libthird-party.a";
			remoteRef = F39DA083232A839000AF2BD9 /* PBXContainerItemProxy */;
			sourceTree = BUILT_PRODUCTS_DIR;
		};
		F39DA086232A839000AF2BD9 /* libthird-party.a */ = {
			isa = PBXReferenceProxy;
			fileType = archive.ar;
			path = "libthird-party.a";
			remoteRef = F39DA085232A839000AF2BD9 /* PBXContainerItemProxy */;
			sourceTree = BUILT_PRODUCTS_DIR;
		};
		F39DA088232A839000AF2BD9 /* libdouble-conversion.a */ = {
			isa = PBXReferenceProxy;
			fileType = archive.ar;
			path = "libdouble-conversion.a";
			remoteRef = F39DA087232A839000AF2BD9 /* PBXContainerItemProxy */;
			sourceTree = BUILT_PRODUCTS_DIR;
		};
		F39DA08A232A839000AF2BD9 /* libdouble-conversion.a */ = {
			isa = PBXReferenceProxy;
			fileType = archive.ar;
			path = "libdouble-conversion.a";
			remoteRef = F39DA089232A839000AF2BD9 /* PBXContainerItemProxy */;
			sourceTree = BUILT_PRODUCTS_DIR;
		};
		F39DA08C232A839000AF2BD9 /* libjsi.a */ = {
			isa = PBXReferenceProxy;
			fileType = archive.ar;
			path = libjsi.a;
			remoteRef = F39DA08B232A839000AF2BD9 /* PBXContainerItemProxy */;
			sourceTree = BUILT_PRODUCTS_DIR;
		};
		F39DA08E232A839000AF2BD9 /* libjsiexecutor.a */ = {
			isa = PBXReferenceProxy;
			fileType = archive.ar;
			path = libjsiexecutor.a;
			remoteRef = F39DA08D232A839000AF2BD9 /* PBXContainerItemProxy */;
			sourceTree = BUILT_PRODUCTS_DIR;
		};
		F39DA090232A839000AF2BD9 /* libjsi-tvOS.a */ = {
			isa = PBXReferenceProxy;
			fileType = archive.ar;
			path = "libjsi-tvOS.a";
			remoteRef = F39DA08F232A839000AF2BD9 /* PBXContainerItemProxy */;
			sourceTree = BUILT_PRODUCTS_DIR;
		};
		F39DA092232A839000AF2BD9 /* libjsiexecutor-tvOS.a */ = {
			isa = PBXReferenceProxy;
			fileType = archive.ar;
			path = "libjsiexecutor-tvOS.a";
			remoteRef = F39DA091232A839000AF2BD9 /* PBXContainerItemProxy */;
			sourceTree = BUILT_PRODUCTS_DIR;
		};
/* End PBXReferenceProxy section */

/* Begin PBXSourcesBuildPhase section */
		58B511D71A9E6C8500147676 /* Sources */ = {
			isa = PBXSourcesBuildPhase;
			buildActionMask = 2147483647;
			files = (
				B3E7B58A1CC2AC0600A0062D /* RNVideoHelper.m in Sources */,
				5D9235F821BBCA0200D86DB9 /* SDAVAssetExportSession.m in Sources */,
			);
			runOnlyForDeploymentPostprocessing = 0;
		};
/* End PBXSourcesBuildPhase section */

/* Begin PBXTargetDependency section */
		C0924C7E233BEC7B00E9B823 /* PBXTargetDependency */ = {
			isa = PBXTargetDependency;
			name = React;
			targetProxy = C0924C7D233BEC7B00E9B823 /* PBXContainerItemProxy */;
		};
		C0924C80233BEC9500E9B823 /* PBXTargetDependency */ = {
			isa = PBXTargetDependency;
			name = yoga;
			targetProxy = C0924C7F233BEC9500E9B823 /* PBXContainerItemProxy */;
		};
		C0924C82233BEC9500E9B823 /* PBXTargetDependency */ = {
			isa = PBXTargetDependency;
			name = "yoga-tvOS";
			targetProxy = C0924C81233BEC9500E9B823 /* PBXContainerItemProxy */;
		};
		C0924C84233BEC9500E9B823 /* PBXTargetDependency */ = {
			isa = PBXTargetDependency;
			name = cxxreact;
			targetProxy = C0924C83233BEC9500E9B823 /* PBXContainerItemProxy */;
		};
		C0924C86233BEC9500E9B823 /* PBXTargetDependency */ = {
			isa = PBXTargetDependency;
			name = "cxxreact-tvOS";
			targetProxy = C0924C85233BEC9500E9B823 /* PBXContainerItemProxy */;
		};
		C0924C88233BEC9500E9B823 /* PBXTargetDependency */ = {
			isa = PBXTargetDependency;
			name = jsinspector;
			targetProxy = C0924C87233BEC9500E9B823 /* PBXContainerItemProxy */;
		};
		C0924C8A233BEC9500E9B823 /* PBXTargetDependency */ = {
			isa = PBXTargetDependency;
			name = "jsinspector-tvOS";
			targetProxy = C0924C89233BEC9500E9B823 /* PBXContainerItemProxy */;
		};
		C0924C8C233BEC9500E9B823 /* PBXTargetDependency */ = {
			isa = PBXTargetDependency;
			name = "third-party";
			targetProxy = C0924C8B233BEC9500E9B823 /* PBXContainerItemProxy */;
		};
		C0924C8E233BEC9500E9B823 /* PBXTargetDependency */ = {
			isa = PBXTargetDependency;
			name = "third-party-tvOS";
			targetProxy = C0924C8D233BEC9500E9B823 /* PBXContainerItemProxy */;
		};
		C0924C90233BEC9500E9B823 /* PBXTargetDependency */ = {
			isa = PBXTargetDependency;
			name = "double-conversion";
			targetProxy = C0924C8F233BEC9500E9B823 /* PBXContainerItemProxy */;
		};
		C0924C92233BEC9500E9B823 /* PBXTargetDependency */ = {
			isa = PBXTargetDependency;
			name = "double-conversion-tvOS";
			targetProxy = C0924C91233BEC9500E9B823 /* PBXContainerItemProxy */;
		};
		C0924C94233BEC9500E9B823 /* PBXTargetDependency */ = {
			isa = PBXTargetDependency;
			name = jsi;
			targetProxy = C0924C93233BEC9500E9B823 /* PBXContainerItemProxy */;
		};
		C0924C96233BEC9500E9B823 /* PBXTargetDependency */ = {
			isa = PBXTargetDependency;
			name = jsiexecutor;
			targetProxy = C0924C95233BEC9500E9B823 /* PBXContainerItemProxy */;
		};
		C0924C98233BEC9500E9B823 /* PBXTargetDependency */ = {
			isa = PBXTargetDependency;
			name = "jsi-tvOS";
			targetProxy = C0924C97233BEC9500E9B823 /* PBXContainerItemProxy */;
		};
		C0924C9A233BEC9500E9B823 /* PBXTargetDependency */ = {
			isa = PBXTargetDependency;
			name = "jsiexecutor-tvOS";
			targetProxy = C0924C99233BEC9500E9B823 /* PBXContainerItemProxy */;
		};
/* End PBXTargetDependency section */

/* Begin XCBuildConfiguration section */
		58B511ED1A9E6C8500147676 /* Debug */ = {
			isa = XCBuildConfiguration;
			buildSettings = {
				ALWAYS_SEARCH_USER_PATHS = NO;
				CLANG_ANALYZER_LOCALIZABILITY_NONLOCALIZED = YES;
				CLANG_CXX_LANGUAGE_STANDARD = "gnu++0x";
				CLANG_CXX_LIBRARY = "libc++";
				CLANG_ENABLE_MODULES = YES;
				CLANG_ENABLE_OBJC_ARC = YES;
				CLANG_WARN_BLOCK_CAPTURE_AUTORELEASING = YES;
				CLANG_WARN_BOOL_CONVERSION = YES;
				CLANG_WARN_COMMA = YES;
				CLANG_WARN_CONSTANT_CONVERSION = YES;
				CLANG_WARN_DEPRECATED_OBJC_IMPLEMENTATIONS = YES;
				CLANG_WARN_DIRECT_OBJC_ISA_USAGE = YES_ERROR;
				CLANG_WARN_EMPTY_BODY = YES;
				CLANG_WARN_ENUM_CONVERSION = YES;
				CLANG_WARN_INFINITE_RECURSION = YES;
				CLANG_WARN_INT_CONVERSION = YES;
				CLANG_WARN_NON_LITERAL_NULL_CONVERSION = YES;
				CLANG_WARN_OBJC_IMPLICIT_RETAIN_SELF = YES;
				CLANG_WARN_OBJC_LITERAL_CONVERSION = YES;
				CLANG_WARN_OBJC_ROOT_CLASS = YES_ERROR;
				CLANG_WARN_RANGE_LOOP_ANALYSIS = YES;
				CLANG_WARN_STRICT_PROTOTYPES = YES;
				CLANG_WARN_SUSPICIOUS_MOVE = YES;
				CLANG_WARN_UNREACHABLE_CODE = YES;
				CLANG_WARN__DUPLICATE_METHOD_MATCH = YES;
				COPY_PHASE_STRIP = NO;
				ENABLE_STRICT_OBJC_MSGSEND = YES;
				ENABLE_TESTABILITY = YES;
				GCC_C_LANGUAGE_STANDARD = gnu99;
				GCC_DYNAMIC_NO_PIC = NO;
				GCC_NO_COMMON_BLOCKS = YES;
				GCC_OPTIMIZATION_LEVEL = 0;
				GCC_PREPROCESSOR_DEFINITIONS = (
					"DEBUG=1",
					"$(inherited)",
				);
				GCC_SYMBOLS_PRIVATE_EXTERN = NO;
				GCC_WARN_64_TO_32_BIT_CONVERSION = YES;
				GCC_WARN_ABOUT_RETURN_TYPE = YES_ERROR;
				GCC_WARN_UNDECLARED_SELECTOR = YES;
				GCC_WARN_UNINITIALIZED_AUTOS = YES_AGGRESSIVE;
				GCC_WARN_UNUSED_FUNCTION = YES;
				GCC_WARN_UNUSED_VARIABLE = YES;
				HEADER_SEARCH_PATHS = (
					"$(SRCROOT)/../../react-native/React/**",
					"$(SRCROOT)/../react-native/React/**",
					"\"$(SRCROOT)/../node_modules/react-native/React\"/**",
					"\"$(SRCROOT)/../node_modules/react-native/ReactCommon/yoga\"/**",
				);
				IPHONEOS_DEPLOYMENT_TARGET = 9.0;
				LIBRARY_SEARCH_PATHS = "$(inherited)/**";
				MTL_ENABLE_DEBUG_INFO = YES;
				ONLY_ACTIVE_ARCH = YES;
				SDKROOT = iphoneos;
			};
			name = Debug;
		};
		58B511EE1A9E6C8500147676 /* Release */ = {
			isa = XCBuildConfiguration;
			buildSettings = {
				ALWAYS_SEARCH_USER_PATHS = NO;
				CLANG_ANALYZER_LOCALIZABILITY_NONLOCALIZED = YES;
				CLANG_CXX_LANGUAGE_STANDARD = "gnu++0x";
				CLANG_CXX_LIBRARY = "libc++";
				CLANG_ENABLE_MODULES = YES;
				CLANG_ENABLE_OBJC_ARC = YES;
				CLANG_WARN_BLOCK_CAPTURE_AUTORELEASING = YES;
				CLANG_WARN_BOOL_CONVERSION = YES;
				CLANG_WARN_COMMA = YES;
				CLANG_WARN_CONSTANT_CONVERSION = YES;
				CLANG_WARN_DEPRECATED_OBJC_IMPLEMENTATIONS = YES;
				CLANG_WARN_DIRECT_OBJC_ISA_USAGE = YES_ERROR;
				CLANG_WARN_EMPTY_BODY = YES;
				CLANG_WARN_ENUM_CONVERSION = YES;
				CLANG_WARN_INFINITE_RECURSION = YES;
				CLANG_WARN_INT_CONVERSION = YES;
				CLANG_WARN_NON_LITERAL_NULL_CONVERSION = YES;
				CLANG_WARN_OBJC_IMPLICIT_RETAIN_SELF = YES;
				CLANG_WARN_OBJC_LITERAL_CONVERSION = YES;
				CLANG_WARN_OBJC_ROOT_CLASS = YES_ERROR;
				CLANG_WARN_RANGE_LOOP_ANALYSIS = YES;
				CLANG_WARN_STRICT_PROTOTYPES = YES;
				CLANG_WARN_SUSPICIOUS_MOVE = YES;
				CLANG_WARN_UNREACHABLE_CODE = YES;
				CLANG_WARN__DUPLICATE_METHOD_MATCH = YES;
				COPY_PHASE_STRIP = YES;
				ENABLE_NS_ASSERTIONS = NO;
				ENABLE_STRICT_OBJC_MSGSEND = YES;
				GCC_C_LANGUAGE_STANDARD = gnu99;
				GCC_NO_COMMON_BLOCKS = YES;
				GCC_WARN_64_TO_32_BIT_CONVERSION = YES;
				GCC_WARN_ABOUT_RETURN_TYPE = YES_ERROR;
				GCC_WARN_UNDECLARED_SELECTOR = YES;
				GCC_WARN_UNINITIALIZED_AUTOS = YES_AGGRESSIVE;
				GCC_WARN_UNUSED_FUNCTION = YES;
				GCC_WARN_UNUSED_VARIABLE = YES;
				HEADER_SEARCH_PATHS = (
					"$(SRCROOT)/../../react-native/React/**",
					"$(SRCROOT)/../react-native/React/**",
					"\"$(SRCROOT)/../node_modules/react-native/React\"/**",
					"\"$(SRCROOT)/../node_modules/react-native/ReactCommon/yoga\"/**",
				);
				IPHONEOS_DEPLOYMENT_TARGET = 9.0;
				LIBRARY_SEARCH_PATHS = "$(inherited)/**";
				MTL_ENABLE_DEBUG_INFO = NO;
				SDKROOT = iphoneos;
				VALIDATE_PRODUCT = YES;
			};
			name = Release;
		};
		58B511F01A9E6C8500147676 /* Debug */ = {
			isa = XCBuildConfiguration;
			buildSettings = {
				ALWAYS_SEARCH_USER_PATHS = NO;
				DEVELOPMENT_TEAM = 8FSG74392W;
				FRAMEWORK_SEARCH_PATHS = (
					"$(inherited)",
					"$(PROJECT_DIR)",
				);
				HEADER_SEARCH_PATHS = (
					"$(inherited)",
					/Applications/Xcode.app/Contents/Developer/Toolchains/XcodeDefault.xctoolchain/usr/include,
					"$(SRCROOT)/../node_modules/react-native/ReactCommon/**",
					"$(BUILD_DIR)/Release-$(PLATFORM_NAME)/include",
					"$(SRCROOT)/../node_modules/react-native/React/Libraries/**",
					"$(SRCROOT)/../node_modules/react-native/React/**",
					"$(SRCROOT)/../node_modules/react-native/React/Base/**",
				);
				LIBRARY_SEARCH_PATHS = (
					"$(inherited)",
					"$(BUILD_DIR)/Release$(EFFECTIVE_PLATFORM_NAME)",
				);
				OTHER_LDFLAGS = "-ObjC";
				PRODUCT_NAME = RNVideoHelper;
				SKIP_INSTALL = YES;
			};
			name = Debug;
		};
		58B511F11A9E6C8500147676 /* Release */ = {
			isa = XCBuildConfiguration;
			buildSettings = {
				ALWAYS_SEARCH_USER_PATHS = NO;
				DEVELOPMENT_TEAM = 8FSG74392W;
				FRAMEWORK_SEARCH_PATHS = (
					"$(inherited)",
					"$(PROJECT_DIR)",
				);
				HEADER_SEARCH_PATHS = (
					"$(inherited)",
					/Applications/Xcode.app/Contents/Developer/Toolchains/XcodeDefault.xctoolchain/usr/include,
					"$(SRCROOT)/../node_modules/react-native/ReactCommon/**",
					"$(BUILD_DIR)/Release-$(PLATFORM_NAME)/include",
					"$(SRCROOT)/../node_modules/react-native/React/Libraries/**",
					"$(SRCROOT)/../node_modules/react-native/React/**",
					"$(SRCROOT)/../node_modules/react-native/React/Base/**",
				);
				LIBRARY_SEARCH_PATHS = (
					"$(inherited)",
					"$(BUILD_DIR)/Release$(EFFECTIVE_PLATFORM_NAME)",
				);
				ONLY_ACTIVE_ARCH = YES;
				OTHER_LDFLAGS = "-ObjC";
				PRODUCT_NAME = RNVideoHelper;
				SKIP_INSTALL = YES;
			};
			name = Release;
		};
/* End XCBuildConfiguration section */

/* Begin XCConfigurationList section */
		58B511D61A9E6C8500147676 /* Build configuration list for PBXProject "RNVideoHelper" */ = {
			isa = XCConfigurationList;
			buildConfigurations = (
				58B511ED1A9E6C8500147676 /* Debug */,
				58B511EE1A9E6C8500147676 /* Release */,
			);
			defaultConfigurationIsVisible = 0;
			defaultConfigurationName = Debug;
		};
		58B511EF1A9E6C8500147676 /* Build configuration list for PBXNativeTarget "RNVideoHelper" */ = {
			isa = XCConfigurationList;
			buildConfigurations = (
				58B511F01A9E6C8500147676 /* Debug */,
				58B511F11A9E6C8500147676 /* Release */,
			);
			defaultConfigurationIsVisible = 0;
			defaultConfigurationName = Debug;
		};
/* End XCConfigurationList section */
	};
	rootObject = 58B511D31A9E6C8500147676 /* Project object */;
}
